
Microsoft Visual Studio Solution File, Format Version 12.00
# Visual Studio Version 17
VisualStudioVersion = 17.8.34330.188
MinimumVisualStudioVersion = 10.0.40219.1
Project("{FAE04EC0-301F-11D3-BF4B-00C04F79EFBC}") = "RouteOrder", "RouteOrder.csproj", "{D14024FE-8D67-41A7-BB16-8A8DE5CAC45B}"
EndProject
Global
	GlobalSection(SolutionConfigurationPlatforms) = preSolution
		Debug|Any CPU = Debug|Any CPU
		Release|Any CPU = Release|Any CPU
	EndGlobalSection
	GlobalSection(ProjectConfigurationPlatforms) = postSolution
		{D14024FE-8D67-41A7-BB16-8A8DE5CAC45B}.Debug|Any CPU.ActiveCfg = Debug|Any CPU
		{D14024FE-8D67-41A7-BB16-8A8DE5CAC45B}.Debug|Any CPU.Build.0 = Debug|Any CPU
		{D14024FE-8D67-41A7-BB16-8A8DE5CAC45B}.Release|Any CPU.ActiveCfg = Release|Any CPU
		{D14024FE-8D67-41A7-BB16-8A8DE5CAC45B}.Release|Any CPU.Build.0 = Release|Any CPU
	EndGlobalSection
	GlobalSection(SolutionProperties) = preSolution
		HideSolutionNode = FALSE
	EndGlobalSection
	GlobalSection(ExtensibilityGlobals) = postSolution
		SolutionGuid = {FD6A4000-B989-486B-BDC8-930AE2CDAB37}
	EndGlobalSection
EndGlobal
